// !$*UTF8*$!
{
	archiveVersion = 1;
	classes = {
	};
	objectVersion = 50;
	objects = {

/* Begin PBXBuildFile section */
		04E1755F2330D6BD00F17C89 /* AppDelegate.swift in Sources */ = {isa = PBXBuildFile; fileRef = 04E1755E2330D6BD00F17C89 /* AppDelegate.swift */; };
		04E175642330D6BD00F17C89 /* Main.storyboard in Resources */ = {isa = PBXBuildFile; fileRef = 04E175622330D6BD00F17C89 /* Main.storyboard */; };
		04E175662330D6BE00F17C89 /* Assets.xcassets in Resources */ = {isa = PBXBuildFile; fileRef = 04E175652330D6BE00F17C89 /* Assets.xcassets */; };
		04E175692330D6BE00F17C89 /* LaunchScreen.storyboard in Resources */ = {isa = PBXBuildFile; fileRef = 04E175672330D6BE00F17C89 /* LaunchScreen.storyboard */; };
		04E175742330D6BE00F17C89 /* WeatherAppTests.swift in Sources */ = {isa = PBXBuildFile; fileRef = 04E175732330D6BE00F17C89 /* WeatherAppTests.swift */; };
		04E175802330D84100F17C89 /* LocationManager.swift in Sources */ = {isa = PBXBuildFile; fileRef = 04E1757F2330D84100F17C89 /* LocationManager.swift */; };
		04E1758A2330D86300F17C89 /* constant.swift in Sources */ = {isa = PBXBuildFile; fileRef = 04E175822330D86300F17C89 /* constant.swift */; };
		04E1758B2330D86300F17C89 /* InternetConnection.swift in Sources */ = {isa = PBXBuildFile; fileRef = 04E175832330D86300F17C89 /* InternetConnection.swift */; };
		04E1758C2330D86300F17C89 /* JsonConfiguration.swift in Sources */ = {isa = PBXBuildFile; fileRef = 04E175842330D86300F17C89 /* JsonConfiguration.swift */; };
		04E1758D2330D86300F17C89 /* Extension.swift in Sources */ = {isa = PBXBuildFile; fileRef = 04E175852330D86300F17C89 /* Extension.swift */; };
		04E1758E2330D86300F17C89 /* AlertDialogBox.swift in Sources */ = {isa = PBXBuildFile; fileRef = 04E175862330D86300F17C89 /* AlertDialogBox.swift */; };
		04E1758F2330D86300F17C89 /* GradientView.swift in Sources */ = {isa = PBXBuildFile; fileRef = 04E175872330D86300F17C89 /* GradientView.swift */; };
		04E175902330D86300F17C89 /* JSONDownloader.swift in Sources */ = {isa = PBXBuildFile; fileRef = 04E175882330D86300F17C89 /* JSONDownloader.swift */; };
		04E175912330D86300F17C89 /* ButtonView.swift in Sources */ = {isa = PBXBuildFile; fileRef = 04E175892330D86300F17C89 /* ButtonView.swift */; };
		04E175962330D86E00F17C89 /* APIErrors.swift in Sources */ = {isa = PBXBuildFile; fileRef = 04E175932330D86E00F17C89 /* APIErrors.swift */; };
		04E175972330D86E00F17C89 /* DarkSkyAPIClient.swift in Sources */ = {isa = PBXBuildFile; fileRef = 04E175942330D86E00F17C89 /* DarkSkyAPIClient.swift */; };
		04E175982330D86E00F17C89 /* DarkSkyAPI.swift in Sources */ = {isa = PBXBuildFile; fileRef = 04E175952330D86E00F17C89 /* DarkSkyAPI.swift */; };
		04E1759B2330D87800F17C89 /* CacheManager.swift in Sources */ = {isa = PBXBuildFile; fileRef = 04E1759A2330D87800F17C89 /* CacheManager.swift */; };
		04E1759F2330D88100F17C89 /* DayForeCastViewModel.swift in Sources */ = {isa = PBXBuildFile; fileRef = 04E1759D2330D88100F17C89 /* DayForeCastViewModel.swift */; };
		04E175A02330D88100F17C89 /* CurrentWeatherViewModel.swift in Sources */ = {isa = PBXBuildFile; fileRef = 04E1759E2330D88100F17C89 /* CurrentWeatherViewModel.swift */; };
		04E175A62330D88C00F17C89 /* LocationCordinates.swift in Sources */ = {isa = PBXBuildFile; fileRef = 04E175A22330D88C00F17C89 /* LocationCordinates.swift */; };
		04E175A72330D88C00F17C89 /* WeatherIcon.swift in Sources */ = {isa = PBXBuildFile; fileRef = 04E175A32330D88C00F17C89 /* WeatherIcon.swift */; };
		04E175A82330D88C00F17C89 /* CurrentWeather.swift in Sources */ = {isa = PBXBuildFile; fileRef = 04E175A42330D88C00F17C89 /* CurrentWeather.swift */; };
		04E175A92330D88C00F17C89 /* ForeCastWeather.swift in Sources */ = {isa = PBXBuildFile; fileRef = 04E175A52330D88C00F17C89 /* ForeCastWeather.swift */; };
		04E175B02330D89500F17C89 /* HomeWeatherHeaderCell.swift in Sources */ = {isa = PBXBuildFile; fileRef = 04E175AB2330D89500F17C89 /* HomeWeatherHeaderCell.swift */; };
		04E175B12330D89500F17C89 /* HomeWeatherHeaderCell.xib in Resources */ = {isa = PBXBuildFile; fileRef = 04E175AC2330D89500F17C89 /* HomeWeatherHeaderCell.xib */; };
		04E175B22330D89500F17C89 /* WeatherAndTempreatureView.swift in Sources */ = {isa = PBXBuildFile; fileRef = 04E175AD2330D89500F17C89 /* WeatherAndTempreatureView.swift */; };
		04E175B32330D89500F17C89 /* WeatherListCell.swift in Sources */ = {isa = PBXBuildFile; fileRef = 04E175AE2330D89500F17C89 /* WeatherListCell.swift */; };
		04E175B42330D89500F17C89 /* WeatherListCell.xib in Resources */ = {isa = PBXBuildFile; fileRef = 04E175AF2330D89500F17C89 /* WeatherListCell.xib */; };
		04E175B82330D89F00F17C89 /* SplashLaunchVC.swift in Sources */ = {isa = PBXBuildFile; fileRef = 04E175B62330D89F00F17C89 /* SplashLaunchVC.swift */; };
		04E175B92330D89F00F17C89 /* HomeWeatherVC.swift in Sources */ = {isa = PBXBuildFile; fileRef = 04E175B72330D89F00F17C89 /* HomeWeatherVC.swift */; };
/* End PBXBuildFile section */

/* Begin PBXContainerItemProxy section */
		04E175702330D6BE00F17C89 /* PBXContainerItemProxy */ = {
			isa = PBXContainerItemProxy;
			containerPortal = 04E175532330D6BD00F17C89 /* Project object */;
			proxyType = 1;
			remoteGlobalIDString = 04E1755A2330D6BD00F17C89;
			remoteInfo = WeatherApp;
		};
/* End PBXContainerItemProxy section */

/* Begin PBXFileReference section */
		04E1755B2330D6BD00F17C89 /* WeatherApp.app */ = {isa = PBXFileReference; explicitFileType = wrapper.application; includeInIndex = 0; path = WeatherApp.app; sourceTree = BUILT_PRODUCTS_DIR; };
		04E1755E2330D6BD00F17C89 /* AppDelegate.swift */ = {isa = PBXFileReference; lastKnownFileType = sourcecode.swift; path = AppDelegate.swift; sourceTree = "<group>"; };
		04E175632330D6BD00F17C89 /* Base */ = {isa = PBXFileReference; lastKnownFileType = file.storyboard; name = Base; path = Base.lproj/Main.storyboard; sourceTree = "<group>"; };
		04E175652330D6BE00F17C89 /* Assets.xcassets */ = {isa = PBXFileReference; lastKnownFileType = folder.assetcatalog; path = Assets.xcassets; sourceTree = "<group>"; };
		04E175682330D6BE00F17C89 /* Base */ = {isa = PBXFileReference; lastKnownFileType = file.storyboard; name = Base; path = Base.lproj/LaunchScreen.storyboard; sourceTree = "<group>"; };
		04E1756A2330D6BE00F17C89 /* Info.plist */ = {isa = PBXFileReference; lastKnownFileType = text.plist.xml; path = Info.plist; sourceTree = "<group>"; };
		04E1756F2330D6BE00F17C89 /* WeatherAppTests.xctest */ = {isa = PBXFileReference; explicitFileType = wrapper.cfbundle; includeInIndex = 0; path = WeatherAppTests.xctest; sourceTree = BUILT_PRODUCTS_DIR; };
		04E175732330D6BE00F17C89 /* WeatherAppTests.swift */ = {isa = PBXFileReference; lastKnownFileType = sourcecode.swift; path = WeatherAppTests.swift; sourceTree = "<group>"; };
		04E175752330D6BE00F17C89 /* Info.plist */ = {isa = PBXFileReference; lastKnownFileType = text.plist.xml; path = Info.plist; sourceTree = "<group>"; };
		04E1757F2330D84100F17C89 /* LocationManager.swift */ = {isa = PBXFileReference; fileEncoding = 4; lastKnownFileType = sourcecode.swift; path = LocationManager.swift; sourceTree = "<group>"; };
		04E175822330D86300F17C89 /* constant.swift */ = {isa = PBXFileReference; fileEncoding = 4; lastKnownFileType = sourcecode.swift; path = constant.swift; sourceTree = "<group>"; };
		04E175832330D86300F17C89 /* InternetConnection.swift */ = {isa = PBXFileReference; fileEncoding = 4; lastKnownFileType = sourcecode.swift; path = InternetConnection.swift; sourceTree = "<group>"; };
		04E175842330D86300F17C89 /* JsonConfiguration.swift */ = {isa = PBXFileReference; fileEncoding = 4; lastKnownFileType = sourcecode.swift; path = JsonConfiguration.swift; sourceTree = "<group>"; };
		04E175852330D86300F17C89 /* Extension.swift */ = {isa = PBXFileReference; fileEncoding = 4; lastKnownFileType = sourcecode.swift; path = Extension.swift; sourceTree = "<group>"; };
		04E175862330D86300F17C89 /* AlertDialogBox.swift */ = {isa = PBXFileReference; fileEncoding = 4; lastKnownFileType = sourcecode.swift; path = AlertDialogBox.swift; sourceTree = "<group>"; };
		04E175872330D86300F17C89 /* GradientView.swift */ = {isa = PBXFileReference; fileEncoding = 4; lastKnownFileType = sourcecode.swift; path = GradientView.swift; sourceTree = "<group>"; };
		04E175882330D86300F17C89 /* JSONDownloader.swift */ = {isa = PBXFileReference; fileEncoding = 4; lastKnownFileType = sourcecode.swift; path = JSONDownloader.swift; sourceTree = "<group>"; };
		04E175892330D86300F17C89 /* ButtonView.swift */ = {isa = PBXFileReference; fileEncoding = 4; lastKnownFileType = sourcecode.swift; path = ButtonView.swift; sourceTree = "<group>"; };
		04E175932330D86E00F17C89 /* APIErrors.swift */ = {isa = PBXFileReference; fileEncoding = 4; lastKnownFileType = sourcecode.swift; path = APIErrors.swift; sourceTree = "<group>"; };
		04E175942330D86E00F17C89 /* DarkSkyAPIClient.swift */ = {isa = PBXFileReference; fileEncoding = 4; lastKnownFileType = sourcecode.swift; path = DarkSkyAPIClient.swift; sourceTree = "<group>"; };
		04E175952330D86E00F17C89 /* DarkSkyAPI.swift */ = {isa = PBXFileReference; fileEncoding = 4; lastKnownFileType = sourcecode.swift; path = DarkSkyAPI.swift; sourceTree = "<group>"; };
		04E1759A2330D87800F17C89 /* CacheManager.swift */ = {isa = PBXFileReference; fileEncoding = 4; lastKnownFileType = sourcecode.swift; path = CacheManager.swift; sourceTree = "<group>"; };
		04E1759D2330D88100F17C89 /* DayForeCastViewModel.swift */ = {isa = PBXFileReference; fileEncoding = 4; lastKnownFileType = sourcecode.swift; path = DayForeCastViewModel.swift; sourceTree = "<group>"; };
		04E1759E2330D88100F17C89 /* CurrentWeatherViewModel.swift */ = {isa = PBXFileReference; fileEncoding = 4; lastKnownFileType = sourcecode.swift; path = CurrentWeatherViewModel.swift; sourceTree = "<group>"; };
		04E175A22330D88C00F17C89 /* LocationCordinates.swift */ = {isa = PBXFileReference; fileEncoding = 4; lastKnownFileType = sourcecode.swift; path = LocationCordinates.swift; sourceTree = "<group>"; };
		04E175A32330D88C00F17C89 /* WeatherIcon.swift */ = {isa = PBXFileReference; fileEncoding = 4; lastKnownFileType = sourcecode.swift; path = WeatherIcon.swift; sourceTree = "<group>"; };
		04E175A42330D88C00F17C89 /* CurrentWeather.swift */ = {isa = PBXFileReference; fileEncoding = 4; lastKnownFileType = sourcecode.swift; path = CurrentWeather.swift; sourceTree = "<group>"; };
		04E175A52330D88C00F17C89 /* ForeCastWeather.swift */ = {isa = PBXFileReference; fileEncoding = 4; lastKnownFileType = sourcecode.swift; path = ForeCastWeather.swift; sourceTree = "<group>"; };
		04E175AB2330D89500F17C89 /* HomeWeatherHeaderCell.swift */ = {isa = PBXFileReference; fileEncoding = 4; lastKnownFileType = sourcecode.swift; path = HomeWeatherHeaderCell.swift; sourceTree = "<group>"; };
		04E175AC2330D89500F17C89 /* HomeWeatherHeaderCell.xib */ = {isa = PBXFileReference; fileEncoding = 4; lastKnownFileType = file.xib; path = HomeWeatherHeaderCell.xib; sourceTree = "<group>"; };
		04E175AD2330D89500F17C89 /* WeatherAndTempreatureView.swift */ = {isa = PBXFileReference; fileEncoding = 4; lastKnownFileType = sourcecode.swift; path = WeatherAndTempreatureView.swift; sourceTree = "<group>"; };
		04E175AE2330D89500F17C89 /* WeatherListCell.swift */ = {isa = PBXFileReference; fileEncoding = 4; lastKnownFileType = sourcecode.swift; path = WeatherListCell.swift; sourceTree = "<group>"; };
		04E175AF2330D89500F17C89 /* WeatherListCell.xib */ = {isa = PBXFileReference; fileEncoding = 4; lastKnownFileType = file.xib; path = WeatherListCell.xib; sourceTree = "<group>"; };
		04E175B62330D89F00F17C89 /* SplashLaunchVC.swift */ = {isa = PBXFileReference; fileEncoding = 4; lastKnownFileType = sourcecode.swift; path = SplashLaunchVC.swift; sourceTree = "<group>"; };
		04E175B72330D89F00F17C89 /* HomeWeatherVC.swift */ = {isa = PBXFileReference; fileEncoding = 4; lastKnownFileType = sourcecode.swift; path = HomeWeatherVC.swift; sourceTree = "<group>"; };
/* End PBXFileReference section */

/* Begin PBXFrameworksBuildPhase section */
		04E175582330D6BD00F17C89 /* Frameworks */ = {
			isa = PBXFrameworksBuildPhase;
			buildActionMask = 2147483647;
			files = (
			);
			runOnlyForDeploymentPostprocessing = 0;
		};
		04E1756C2330D6BE00F17C89 /* Frameworks */ = {
			isa = PBXFrameworksBuildPhase;
			buildActionMask = 2147483647;
			files = (
			);
			runOnlyForDeploymentPostprocessing = 0;
		};
/* End PBXFrameworksBuildPhase section */

/* Begin PBXGroup section */
		04E175522330D6BD00F17C89 = {
			isa = PBXGroup;
			children = (
				04E1755D2330D6BD00F17C89 /* WeatherApp */,
				04E175722330D6BE00F17C89 /* WeatherAppTests */,
				04E1755C2330D6BD00F17C89 /* Products */,
			);
			sourceTree = "<group>";
		};
		04E1755C2330D6BD00F17C89 /* Products */ = {
			isa = PBXGroup;
			children = (
				04E1755B2330D6BD00F17C89 /* WeatherApp.app */,
				04E1756F2330D6BE00F17C89 /* WeatherAppTests.xctest */,
			);
			name = Products;
			sourceTree = "<group>";
		};
		04E1755D2330D6BD00F17C89 /* WeatherApp */ = {
			isa = PBXGroup;
			children = (
				04E1757E2330D84100F17C89 /* SingletonClass */,
				04E175812330D86300F17C89 /* GlobalClasses */,
				04E175922330D86E00F17C89 /* Networking */,
				04E175992330D87800F17C89 /* Cache */,
				04E1759C2330D88100F17C89 /* ViewModel */,
				04E175A12330D88C00F17C89 /* Model */,
				04E175AA2330D89500F17C89 /* View */,
				04E175B52330D89F00F17C89 /* ViewControllers */,
				04E1755E2330D6BD00F17C89 /* AppDelegate.swift */,
				04E175622330D6BD00F17C89 /* Main.storyboard */,
				04E175652330D6BE00F17C89 /* Assets.xcassets */,
				04E175672330D6BE00F17C89 /* LaunchScreen.storyboard */,
				04E1756A2330D6BE00F17C89 /* Info.plist */,
			);
			path = WeatherApp;
			sourceTree = "<group>";
		};
		04E175722330D6BE00F17C89 /* WeatherAppTests */ = {
			isa = PBXGroup;
			children = (
				04E175732330D6BE00F17C89 /* WeatherAppTests.swift */,
				04E175752330D6BE00F17C89 /* Info.plist */,
			);
			path = WeatherAppTests;
			sourceTree = "<group>";
		};
		04E1757E2330D84100F17C89 /* SingletonClass */ = {
			isa = PBXGroup;
			children = (
				04E1757F2330D84100F17C89 /* LocationManager.swift */,
			);
			path = SingletonClass;
			sourceTree = "<group>";
		};
		04E175812330D86300F17C89 /* GlobalClasses */ = {
			isa = PBXGroup;
			children = (
				04E175822330D86300F17C89 /* constant.swift */,
				04E175832330D86300F17C89 /* InternetConnection.swift */,
				04E175842330D86300F17C89 /* JsonConfiguration.swift */,
				04E175852330D86300F17C89 /* Extension.swift */,
				04E175862330D86300F17C89 /* AlertDialogBox.swift */,
				04E175872330D86300F17C89 /* GradientView.swift */,
				04E175882330D86300F17C89 /* JSONDownloader.swift */,
				04E175892330D86300F17C89 /* ButtonView.swift */,
			);
			path = GlobalClasses;
			sourceTree = "<group>";
		};
		04E175922330D86E00F17C89 /* Networking */ = {
			isa = PBXGroup;
			children = (
				04E175932330D86E00F17C89 /* APIErrors.swift */,
				04E175942330D86E00F17C89 /* DarkSkyAPIClient.swift */,
				04E175952330D86E00F17C89 /* DarkSkyAPI.swift */,
			);
			path = Networking;
			sourceTree = "<group>";
		};
		04E175992330D87800F17C89 /* Cache */ = {
			isa = PBXGroup;
			children = (
				04E1759A2330D87800F17C89 /* CacheManager.swift */,
			);
			path = Cache;
			sourceTree = "<group>";
		};
		04E1759C2330D88100F17C89 /* ViewModel */ = {
			isa = PBXGroup;
			children = (
				04E1759D2330D88100F17C89 /* DayForeCastViewModel.swift */,
				04E1759E2330D88100F17C89 /* CurrentWeatherViewModel.swift */,
			);
			path = ViewModel;
			sourceTree = "<group>";
		};
		04E175A12330D88C00F17C89 /* Model */ = {
			isa = PBXGroup;
			children = (
				04E175A22330D88C00F17C89 /* LocationCordinates.swift */,
				04E175A32330D88C00F17C89 /* WeatherIcon.swift */,
				04E175A42330D88C00F17C89 /* CurrentWeather.swift */,
				04E175A52330D88C00F17C89 /* ForeCastWeather.swift */,
			);
			path = Model;
			sourceTree = "<group>";
		};
		04E175AA2330D89500F17C89 /* View */ = {
			isa = PBXGroup;
			children = (
				04E175AB2330D89500F17C89 /* HomeWeatherHeaderCell.swift */,
				04E175AC2330D89500F17C89 /* HomeWeatherHeaderCell.xib */,
				04E175AD2330D89500F17C89 /* WeatherAndTempreatureView.swift */,
				04E175AE2330D89500F17C89 /* WeatherListCell.swift */,
				04E175AF2330D89500F17C89 /* WeatherListCell.xib */,
			);
			path = View;
			sourceTree = "<group>";
		};
		04E175B52330D89F00F17C89 /* ViewControllers */ = {
			isa = PBXGroup;
			children = (
				04E175B62330D89F00F17C89 /* SplashLaunchVC.swift */,
				04E175B72330D89F00F17C89 /* HomeWeatherVC.swift */,
			);
			path = ViewControllers;
			sourceTree = "<group>";
		};
/* End PBXGroup section */

/* Begin PBXNativeTarget section */
		04E1755A2330D6BD00F17C89 /* WeatherApp */ = {
			isa = PBXNativeTarget;
			buildConfigurationList = 04E175782330D6BE00F17C89 /* Build configuration list for PBXNativeTarget "WeatherApp" */;
			buildPhases = (
				04E175572330D6BD00F17C89 /* Sources */,
				04E175582330D6BD00F17C89 /* Frameworks */,
				04E175592330D6BD00F17C89 /* Resources */,
			);
			buildRules = (
			);
			dependencies = (
			);
			name = WeatherApp;
			productName = WeatherApp;
			productReference = 04E1755B2330D6BD00F17C89 /* WeatherApp.app */;
			productType = "com.apple.product-type.application";
		};
		04E1756E2330D6BE00F17C89 /* WeatherAppTests */ = {
			isa = PBXNativeTarget;
			buildConfigurationList = 04E1757B2330D6BE00F17C89 /* Build configuration list for PBXNativeTarget "WeatherAppTests" */;
			buildPhases = (
				04E1756B2330D6BE00F17C89 /* Sources */,
				04E1756C2330D6BE00F17C89 /* Frameworks */,
				04E1756D2330D6BE00F17C89 /* Resources */,
			);
			buildRules = (
			);
			dependencies = (
				04E175712330D6BE00F17C89 /* PBXTargetDependency */,
			);
			name = WeatherAppTests;
			productName = WeatherAppTests;
			productReference = 04E1756F2330D6BE00F17C89 /* WeatherAppTests.xctest */;
			productType = "com.apple.product-type.bundle.unit-test";
		};
/* End PBXNativeTarget section */

/* Begin PBXProject section */
		04E175532330D6BD00F17C89 /* Project object */ = {
			isa = PBXProject;
			attributes = {
				LastSwiftUpdateCheck = 1020;
				LastUpgradeCheck = 1020;
				ORGANIZATIONNAME = "Weather App";
				TargetAttributes = {
					04E1755A2330D6BD00F17C89 = {
						CreatedOnToolsVersion = 10.2;
					};
					04E1756E2330D6BE00F17C89 = {
						CreatedOnToolsVersion = 10.2;
						TestTargetID = 04E1755A2330D6BD00F17C89;
					};
				};
			};
			buildConfigurationList = 04E175562330D6BD00F17C89 /* Build configuration list for PBXProject "WeatherApp" */;
			compatibilityVersion = "Xcode 9.3";
			developmentRegion = en;
			hasScannedForEncodings = 0;
			knownRegions = (
				en,
				Base,
			);
			mainGroup = 04E175522330D6BD00F17C89;
			productRefGroup = 04E1755C2330D6BD00F17C89 /* Products */;
			projectDirPath = "";
			projectRoot = "";
			targets = (
				04E1755A2330D6BD00F17C89 /* WeatherApp */,
				04E1756E2330D6BE00F17C89 /* WeatherAppTests */,
			);
		};
/* End PBXProject section */

/* Begin PBXResourcesBuildPhase section */
		04E175592330D6BD00F17C89 /* Resources */ = {
			isa = PBXResourcesBuildPhase;
			buildActionMask = 2147483647;
			files = (
				04E175B12330D89500F17C89 /* HomeWeatherHeaderCell.xib in Resources */,
				04E175692330D6BE00F17C89 /* LaunchScreen.storyboard in Resources */,
				04E175B42330D89500F17C89 /* WeatherListCell.xib in Resources */,
				04E175662330D6BE00F17C89 /* Assets.xcassets in Resources */,
				04E175642330D6BD00F17C89 /* Main.storyboard in Resources */,
			);
			runOnlyForDeploymentPostprocessing = 0;
		};
		04E1756D2330D6BE00F17C89 /* Resources */ = {
			isa = PBXResourcesBuildPhase;
			buildActionMask = 2147483647;
			files = (
			);
			runOnlyForDeploymentPostprocessing = 0;
		};
/* End PBXResourcesBuildPhase section */

/* Begin PBXSourcesBuildPhase section */
		04E175572330D6BD00F17C89 /* Sources */ = {
			isa = PBXSourcesBuildPhase;
			buildActionMask = 2147483647;
			files = (
				04E1758B2330D86300F17C89 /* InternetConnection.swift in Sources */,
				04E175B92330D89F00F17C89 /* HomeWeatherVC.swift in Sources */,
				04E175802330D84100F17C89 /* LocationManager.swift in Sources */,
				04E175912330D86300F17C89 /* ButtonView.swift in Sources */,
				04E175972330D86E00F17C89 /* DarkSkyAPIClient.swift in Sources */,
				04E175962330D86E00F17C89 /* APIErrors.swift in Sources */,
				04E1759F2330D88100F17C89 /* DayForeCastViewModel.swift in Sources */,
				04E175B82330D89F00F17C89 /* SplashLaunchVC.swift in Sources */,
				04E175A62330D88C00F17C89 /* LocationCordinates.swift in Sources */,
				04E175A92330D88C00F17C89 /* ForeCastWeather.swift in Sources */,
				04E1758C2330D86300F17C89 /* JsonConfiguration.swift in Sources */,
				04E175A02330D88100F17C89 /* CurrentWeatherViewModel.swift in Sources */,
				04E1759B2330D87800F17C89 /* CacheManager.swift in Sources */,
				04E1758D2330D86300F17C89 /* Extension.swift in Sources */,
				04E175B22330D89500F17C89 /* WeatherAndTempreatureView.swift in Sources */,
				04E175A82330D88C00F17C89 /* CurrentWeather.swift in Sources */,
				04E1758A2330D86300F17C89 /* constant.swift in Sources */,
				04E1755F2330D6BD00F17C89 /* AppDelegate.swift in Sources */,
				04E175A72330D88C00F17C89 /* WeatherIcon.swift in Sources */,
				04E175902330D86300F17C89 /* JSONDownloader.swift in Sources */,
				04E175982330D86E00F17C89 /* DarkSkyAPI.swift in Sources */,
				04E175B32330D89500F17C89 /* WeatherListCell.swift in Sources */,
				04E1758F2330D86300F17C89 /* GradientView.swift in Sources */,
				04E175B02330D89500F17C89 /* HomeWeatherHeaderCell.swift in Sources */,
				04E1758E2330D86300F17C89 /* AlertDialogBox.swift in Sources */,
			);
			runOnlyForDeploymentPostprocessing = 0;
		};
		04E1756B2330D6BE00F17C89 /* Sources */ = {
			isa = PBXSourcesBuildPhase;
			buildActionMask = 2147483647;
			files = (
				04E175742330D6BE00F17C89 /* WeatherAppTests.swift in Sources */,
			);
			runOnlyForDeploymentPostprocessing = 0;
		};
/* End PBXSourcesBuildPhase section */

/* Begin PBXTargetDependency section */
		04E175712330D6BE00F17C89 /* PBXTargetDependency */ = {
			isa = PBXTargetDependency;
			target = 04E1755A2330D6BD00F17C89 /* WeatherApp */;
			targetProxy = 04E175702330D6BE00F17C89 /* PBXContainerItemProxy */;
		};
/* End PBXTargetDependency section */

/* Begin PBXVariantGroup section */
		04E175622330D6BD00F17C89 /* Main.storyboard */ = {
			isa = PBXVariantGroup;
			children = (
				04E175632330D6BD00F17C89 /* Base */,
			);
			name = Main.storyboard;
			sourceTree = "<group>";
		};
		04E175672330D6BE00F17C89 /* LaunchScreen.storyboard */ = {
			isa = PBXVariantGroup;
			children = (
				04E175682330D6BE00F17C89 /* Base */,
			);
			name = LaunchScreen.storyboard;
			sourceTree = "<group>";
		};
/* End PBXVariantGroup section */

/* Begin XCBuildConfiguration section */
		04E175762330D6BE00F17C89 /* Debug */ = {
			isa = XCBuildConfiguration;
			buildSettings = {
				ALWAYS_SEARCH_USER_PATHS = NO;
				CLANG_ANALYZER_NONNULL = YES;
				CLANG_ANALYZER_NUMBER_OBJECT_CONVERSION = YES_AGGRESSIVE;
				CLANG_CXX_LANGUAGE_STANDARD = "gnu++14";
				CLANG_CXX_LIBRARY = "libc++";
				CLANG_ENABLE_MODULES = YES;
				CLANG_ENABLE_OBJC_ARC = YES;
				CLANG_ENABLE_OBJC_WEAK = YES;
				CLANG_WARN_BLOCK_CAPTURE_AUTORELEASING = YES;
				CLANG_WARN_BOOL_CONVERSION = YES;
				CLANG_WARN_COMMA = YES;
				CLANG_WARN_CONSTANT_CONVERSION = YES;
				CLANG_WARN_DEPRECATED_OBJC_IMPLEMENTATIONS = YES;
				CLANG_WARN_DIRECT_OBJC_ISA_USAGE = YES_ERROR;
				CLANG_WARN_DOCUMENTATION_COMMENTS = YES;
				CLANG_WARN_EMPTY_BODY = YES;
				CLANG_WARN_ENUM_CONVERSION = YES;
				CLANG_WARN_INFINITE_RECURSION = YES;
				CLANG_WARN_INT_CONVERSION = YES;
				CLANG_WARN_NON_LITERAL_NULL_CONVERSION = YES;
				CLANG_WARN_OBJC_IMPLICIT_RETAIN_SELF = YES;
				CLANG_WARN_OBJC_LITERAL_CONVERSION = YES;
				CLANG_WARN_OBJC_ROOT_CLASS = YES_ERROR;
				CLANG_WARN_RANGE_LOOP_ANALYSIS = YES;
				CLANG_WARN_STRICT_PROTOTYPES = YES;
				CLANG_WARN_SUSPICIOUS_MOVE = YES;
				CLANG_WARN_UNGUARDED_AVAILABILITY = YES_AGGRESSIVE;
				CLANG_WARN_UNREACHABLE_CODE = YES;
				CLANG_WARN__DUPLICATE_METHOD_MATCH = YES;
				CODE_SIGN_IDENTITY = "iPhone Developer";
				COPY_PHASE_STRIP = NO;
				DEBUG_INFORMATION_FORMAT = dwarf;
				ENABLE_STRICT_OBJC_MSGSEND = YES;
				ENABLE_TESTABILITY = YES;
				GCC_C_LANGUAGE_STANDARD = gnu11;
				GCC_DYNAMIC_NO_PIC = NO;
				GCC_NO_COMMON_BLOCKS = YES;
				GCC_OPTIMIZATION_LEVEL = 0;
				GCC_PREPROCESSOR_DEFINITIONS = (
					"DEBUG=1",
					"$(inherited)",
				);
				GCC_WARN_64_TO_32_BIT_CONVERSION = YES;
				GCC_WARN_ABOUT_RETURN_TYPE = YES_ERROR;
				GCC_WARN_UNDECLARED_SELECTOR = YES;
				GCC_WARN_UNINITIALIZED_AUTOS = YES_AGGRESSIVE;
				GCC_WARN_UNUSED_FUNCTION = YES;
				GCC_WARN_UNUSED_VARIABLE = YES;
				IPHONEOS_DEPLOYMENT_TARGET = 12.2;
				MTL_ENABLE_DEBUG_INFO = INCLUDE_SOURCE;
				MTL_FAST_MATH = YES;
				ONLY_ACTIVE_ARCH = YES;
				SDKROOT = iphoneos;
				SWIFT_ACTIVE_COMPILATION_CONDITIONS = DEBUG;
				SWIFT_OPTIMIZATION_LEVEL = "-Onone";
			};
			name = Debug;
		};
		04E175772330D6BE00F17C89 /* Release */ = {
			isa = XCBuildConfiguration;
			buildSettings = {
				ALWAYS_SEARCH_USER_PATHS = NO;
				CLANG_ANALYZER_NONNULL = YES;
				CLANG_ANALYZER_NUMBER_OBJECT_CONVERSION = YES_AGGRESSIVE;
				CLANG_CXX_LANGUAGE_STANDARD = "gnu++14";
				CLANG_CXX_LIBRARY = "libc++";
				CLANG_ENABLE_MODULES = YES;
				CLANG_ENABLE_OBJC_ARC = YES;
				CLANG_ENABLE_OBJC_WEAK = YES;
				CLANG_WARN_BLOCK_CAPTURE_AUTORELEASING = YES;
				CLANG_WARN_BOOL_CONVERSION = YES;
				CLANG_WARN_COMMA = YES;
				CLANG_WARN_CONSTANT_CONVERSION = YES;
				CLANG_WARN_DEPRECATED_OBJC_IMPLEMENTATIONS = YES;
				CLANG_WARN_DIRECT_OBJC_ISA_USAGE = YES_ERROR;
				CLANG_WARN_DOCUMENTATION_COMMENTS = YES;
				CLANG_WARN_EMPTY_BODY = YES;
				CLANG_WARN_ENUM_CONVERSION = YES;
				CLANG_WARN_INFINITE_RECURSION = YES;
				CLANG_WARN_INT_CONVERSION = YES;
				CLANG_WARN_NON_LITERAL_NULL_CONVERSION = YES;
				CLANG_WARN_OBJC_IMPLICIT_RETAIN_SELF = YES;
				CLANG_WARN_OBJC_LITERAL_CONVERSION = YES;
				CLANG_WARN_OBJC_ROOT_CLASS = YES_ERROR;
				CLANG_WARN_RANGE_LOOP_ANALYSIS = YES;
				CLANG_WARN_STRICT_PROTOTYPES = YES;
				CLANG_WARN_SUSPICIOUS_MOVE = YES;
				CLANG_WARN_UNGUARDED_AVAILABILITY = YES_AGGRESSIVE;
				CLANG_WARN_UNREACHABLE_CODE = YES;
				CLANG_WARN__DUPLICATE_METHOD_MATCH = YES;
				CODE_SIGN_IDENTITY = "iPhone Developer";
				COPY_PHASE_STRIP = NO;
				DEBUG_INFORMATION_FORMAT = "dwarf-with-dsym";
				ENABLE_NS_ASSERTIONS = NO;
				ENABLE_STRICT_OBJC_MSGSEND = YES;
				GCC_C_LANGUAGE_STANDARD = gnu11;
				GCC_NO_COMMON_BLOCKS = YES;
				GCC_WARN_64_TO_32_BIT_CONVERSION = YES;
				GCC_WARN_ABOUT_RETURN_TYPE = YES_ERROR;
				GCC_WARN_UNDECLARED_SELECTOR = YES;
				GCC_WARN_UNINITIALIZED_AUTOS = YES_AGGRESSIVE;
				GCC_WARN_UNUSED_FUNCTION = YES;
				GCC_WARN_UNUSED_VARIABLE = YES;
				IPHONEOS_DEPLOYMENT_TARGET = 12.2;
				MTL_ENABLE_DEBUG_INFO = NO;
				MTL_FAST_MATH = YES;
				SDKROOT = iphoneos;
				SWIFT_COMPILATION_MODE = wholemodule;
				SWIFT_OPTIMIZATION_LEVEL = "-O";
				VALIDATE_PRODUCT = YES;
			};
			name = Release;
		};
		04E175792330D6BE00F17C89 /* Debug */ = {
			isa = XCBuildConfiguration;
			buildSettings = {
				ASSETCATALOG_COMPILER_APPICON_NAME = AppIcon;
				CODE_SIGN_STYLE = Automatic;
				DEVELOPMENT_TEAM = "";
				INFOPLIST_FILE = WeatherApp/Info.plist;
				IPHONEOS_DEPLOYMENT_TARGET = 11.0;
				LD_RUNPATH_SEARCH_PATHS = (
					"$(inherited)",
					"@executable_path/Frameworks",
				);
				PRODUCT_BUNDLE_IDENTIFIER = weather.app.com.WeatherApp;
				PRODUCT_NAME = "$(TARGET_NAME)";
				SWIFT_VERSION = 5.0;
				TARGETED_DEVICE_FAMILY = 1;
			};
			name = Debug;
		};
		04E1757A2330D6BE00F17C89 /* Release */ = {
			isa = XCBuildConfiguration;
			buildSettings = {
				ASSETCATALOG_COMPILER_APPICON_NAME = AppIcon;
				CODE_SIGN_STYLE = Automatic;
				DEVELOPMENT_TEAM = "";
				INFOPLIST_FILE = WeatherApp/Info.plist;
				IPHONEOS_DEPLOYMENT_TARGET = 11.0;
				LD_RUNPATH_SEARCH_PATHS = (
					"$(inherited)",
					"@executable_path/Frameworks",
				);
				PRODUCT_BUNDLE_IDENTIFIER = weather.app.com.WeatherApp;
				PRODUCT_NAME = "$(TARGET_NAME)";
				SWIFT_VERSION = 5.0;
				TARGETED_DEVICE_FAMILY = 1;
			};
			name = Release;
		};
		04E1757C2330D6BE00F17C89 /* Debug */ = {
			isa = XCBuildConfiguration;
			buildSettings = {
				ALWAYS_EMBED_SWIFT_STANDARD_LIBRARIES = YES;
				BUNDLE_LOADER = "$(TEST_HOST)";
				CODE_SIGN_STYLE = Automatic;
				DEVELOPMENT_TEAM = "";
				INFOPLIST_FILE = WeatherAppTests/Info.plist;
				LD_RUNPATH_SEARCH_PATHS = (
					"$(inherited)",
					"@executable_path/Frameworks",
					"@loader_path/Frameworks",
				);
				PRODUCT_BUNDLE_IDENTIFIER = weather.app.com.WeatherAppTests;
				PRODUCT_NAME = "$(TARGET_NAME)";
				SWIFT_VERSION = 5.0;
				TARGETED_DEVICE_FAMILY = "1,2";
				TEST_HOST = "$(BUILT_PRODUCTS_DIR)/WeatherApp.app/WeatherApp";
			};
			name = Debug;
		};
		04E1757D2330D6BE00F17C89 /* Release */ = {
			isa = XCBuildConfiguration;
			buildSettings = {
				ALWAYS_EMBED_SWIFT_STANDARD_LIBRARIES = YES;
				BUNDLE_LOADER = "$(TEST_HOST)";
				CODE_SIGN_STYLE = Automatic;
				DEVELOPMENT_TEAM = "";
				INFOPLIST_FILE = WeatherAppTests/Info.plist;
				LD_RUNPATH_SEARCH_PATHS = (
					"$(inherited)",
					"@executable_path/Frameworks",
					"@loader_path/Frameworks",
				);
				PRODUCT_BUNDLE_IDENTIFIER = weather.app.com.WeatherAppTests;
				PRODUCT_NAME = "$(TARGET_NAME)";
				SWIFT_VERSION = 5.0;
				TARGETED_DEVICE_FAMILY = "1,2";
				TEST_HOST = "$(BUILT_PRODUCTS_DIR)/WeatherApp.app/WeatherApp";
			};
			name = Release;
		};
/* End XCBuildConfiguration section */

/* Begin XCConfigurationList section */
		04E175562330D6BD00F17C89 /* Build configuration list for PBXProject "WeatherApp" */ = {
			isa = XCConfigurationList;
			buildConfigurations = (
				04E175762330D6BE00F17C89 /* Debug */,
				04E175772330D6BE00F17C89 /* Release */,
			);
			defaultConfigurationIsVisible = 0;
			defaultConfigurationName = Release;
		};
		04E175782330D6BE00F17C89 /* Build configuration list for PBXNativeTarget "WeatherApp" */ = {
			isa = XCConfigurationList;
			buildConfigurations = (
				04E175792330D6BE00F17C89 /* Debug */,
				04E1757A2330D6BE00F17C89 /* Release */,
			);
			defaultConfigurationIsVisible = 0;
			defaultConfigurationName = Release;
		};
		04E1757B2330D6BE00F17C89 /* Build configuration list for PBXNativeTarget "WeatherAppTests" */ = {
			isa = XCConfigurationList;
			buildConfigurations = (
				04E1757C2330D6BE00F17C89 /* Debug */,
				04E1757D2330D6BE00F17C89 /* Release */,
			);
			defaultConfigurationIsVisible = 0;
			defaultConfigurationName = Release;
		};
/* End XCConfigurationList section */
	};
	rootObject = 04E175532330D6BD00F17C89 /* Project object */;
}
